{
  "nodes": {
    "ai-llm-prompts": {
      "inputs": {
        "nixpkgs": [
          "nixpkgs"
        ]
      },
      "locked": {
        "lastModified": 1785987353,
        "narHash": "sha256-qlKQNfdOg1Z0Dau5gMmabDD7YZpxxLhwZYuxxHFgyo8=",
        "owner": "dryvist",
        "repo": "ai-llm-prompts",
        "rev": "d8caf8ca3dc4ef224a160fd6b6a2fd3b93ee01fd",
        "type": "github"
      },
      "original": {
        "owner": "dryvist",
        "repo": "ai-llm-prompts",
        "rev": "d8caf8ca3dc4ef224a160fd6b6a2fd3b93ee01fd",
        "type": "github"
      }
    },
    "browser-use": {
      "flake": false,
      "locked": {
        "lastModified": 1786649293,
        "narHash": "sha256-H2Py3qwaiHn2jWARSIsGSdSSlqUWyJocN2Iq/2nmxiI=",
        "owner": "browser-use",
        "repo": "browser-use",
        "rev": "6c73fced2f6d45a11d88622fe56365a5fe18f28b",
        "type": "github"
      },
      "original": {
        "owner": "browser-use",
        "repo": "browser-use",
        "type": "github"
      }
    },
    "claude-code-plugins": {
      "flake": false,
      "locked": {
        "lastModified": 1786765956,
        "narHash": "sha256-jbrdE7WABY7a3USXyjOv0tLYd8TfE8jgsTuveQLhr6w=",
        "owner": "dryvist",
        "repo": "claude-code-plugins",
        "rev": "547c77e3fa186f676afb798dee4a430c1912a4b7",
        "type": "github"
      },
      "original": {
        "owner": "dryvist",
        "repo": "claude-code-plugins",
        "rev": "547c77e3fa186f676afb798dee4a430c1912a4b7",
        "type": "github"
      }
    },
    "dryvist-github": {
      "inputs": {
        "git-hooks": "git-hooks",
        "nixpkgs": [
          "nixpkgs"
        ],
        "treefmt-nix": "treefmt-nix"
      },
      "locked": {
        "lastModified": 1786456109,
        "narHash": "sha256-+L15C+yqFkTSS54rv/LPtCHKLQedzDRHfcJ+28hK17Q=",
        "owner": "dryvist",
        "repo": ".github",
        "rev": "8d64f0a7aa76906911ba5bf1f91eb3a322df6d90",
        "type": "github"
      },
      "original": {
        "owner": "dryvist",
        "repo": ".github",
        "type": "github"
      }
    },
    "flake-compat": {
      "flake": false,
      "locked": {
        "lastModified": 1767039857,
        "narHash": "sha256-vNpUSpF5Nuw8xvDLj2KCwwksIbjua2LZCqhV1LNRDns=",
        "owner": "NixOS",
        "repo": "flake-compat",
        "rev": "5edf11c44bc78a0d334f6334cdaf7d60d732daab",
        "type": "github"
      },
      "original": {
        "owner": "NixOS",
        "repo": "flake-compat",
        "type": "github"
      }
    },
    "flake-parts": {
      "inputs": {
        "nixpkgs-lib": [
          "nixpkgs"
        ]
      },
      "locked": {
        "lastModified": 1785627969,
        "narHash": "sha256-4dtXQk/NMePegK/nWp5NSeuZKLATItOq61lpEvmXqGw=",
        "owner": "hercules-ci",
        "repo": "flake-parts",
        "rev": "427bf4bd9435fdf21321c8cc628c24efc14c0f7a",
        "type": "github"
      },
      "original": {
        "owner": "hercules-ci",
        "repo": "flake-parts",
        "type": "github"
      }
    },
    "git-hooks": {
      "inputs": {
        "flake-compat": "flake-compat",
        "gitignore": "gitignore",
        "nixpkgs": [
          "dryvist-github",
          "nixpkgs"
        ]
      },
      "locked": {
        "lastModified": 1778507602,
        "narHash": "sha256-kTwur1wV+01SdqskVMSo6JMEpg71ps3HpbFY2GsflKs=",
        "owner": "cachix",
        "repo": "git-hooks.nix",
        "rev": "61ab0e80d9c7ab14c256b5b453d8b3fb0189ba0a",
        "type": "github"
      },
      "original": {
        "owner": "cachix",
        "repo": "git-hooks.nix",
        "type": "github"
      }
    },
    "gitignore": {
      "inputs": {
        "nixpkgs": [
          "dryvist-github",
          "git-hooks",
          "nixpkgs"
        ]
      },
      "locked": {
        "lastModified": 1709087332,
        "narHash": "sha256-HG2cCnktfHsKV0s4XW83gU3F57gaTljL9KNSuG6bnQs=",
        "owner": "hercules-ci",
        "repo": "gitignore.nix",
        "rev": "637db329424fd7e46cf4185293b9cc8c88c95394",
        "type": "github"
      },
      "original": {
        "owner": "hercules-ci",
        "repo": "gitignore.nix",
        "type": "github"
      }
    },
    "nixpkgs": {
      "locked": {
        "lastModified": 1786599213,
        "narHash": "sha256-yNJd40f11EzXBjSByCB7IPpeFFAdeoSKKM67dGkfFoU=",
        "owner": "NixOS",
        "repo": "nixpkgs",
        "rev": "0e251e24a4f24e036a084b6b4b2d2491af4167f4",
        "type": "github"
      },
      "original": {
        "owner": "NixOS",
        "ref": "nixos-unstable",
        "repo": "nixpkgs",
        "type": "github"
      }
    },
    "root": {
      "inputs": {
        "ai-llm-prompts": "ai-llm-prompts",
        "browser-use": "browser-use",
        "claude-code-plugins": "claude-code-plugins",
        "dryvist-github": "dryvist-github",
        "flake-parts": "flake-parts",
        "nixpkgs": "nixpkgs"
      }
    },
    "treefmt-nix": {
      "inputs": {
        "nixpkgs": [
          "dryvist-github",
          "nixpkgs"
        ]
      },
      "locked": {
        "lastModified": 1780220602,
        "narHash": "sha256-eynAfOmbmxJnkp7YewvCEbShNnnYJ9gLLqkzsYtBPeM=",
        "owner": "numtide",
        "repo": "treefmt-nix",
        "rev": "db947814a175b7ca6ded66e21383d938df01c227",
        "type": "github"
      },
      "original": {
        "owner": "numtide",
        "repo": "treefmt-nix",
        "type": "github"
      }
    }
  },
  "root": "root",
  "version": 7
}
