{
  "nodes": {
    "ai-assistant-instructions": {
      "flake": false,
      "locked": {
        "lastModified": 1791616166,
        "narHash": "sha256-kYCngK9gLgy+dWCccMTjPrqTLwWclyyU1hTJ2O8XlyU=",
        "owner": "dryvist",
        "repo": "ai-assistant-instructions",
        "rev": "d6bb59ea70c53f985038c64510bb885c99034714",
        "type": "github"
      },
      "original": {
        "owner": "dryvist",
        "repo": "ai-assistant-instructions",
        "type": "github"
      }
    },
    "ai-assistant-instructions_2": {
      "flake": false,
      "locked": {
        "lastModified": 1791221885,
        "narHash": "sha256-nwh0sRpLgz3z56MZo2/c5p8CwruvYKSxTYdRnOk0iO4=",
        "owner": "dryvist",
        "repo": "ai-assistant-instructions",
        "rev": "e557b211a049c940bb540f2ca0be1259df57c5eb",
        "type": "github"
      },
      "original": {
        "owner": "dryvist",
        "repo": "ai-assistant-instructions",
        "type": "github"
      }
    },
    "ai-llm-prompts": {
      "inputs": {
        "ai-assistant-instructions": "ai-assistant-instructions_2",
        "claude-code-plugins": "claude-code-plugins",
        "nixpkgs": [
          "nixpkgs"
        ]
      },
      "locked": {
        "lastModified": 1791610463,
        "narHash": "sha256-Jyi/b7S44KRzZSGVEO/SruBVnMIz2xyB133vlTk+TZ8=",
        "owner": "dryvist",
        "repo": "ai-llm-prompts",
        "rev": "2c09e2fc378f3e309984993bbffb1500c3c0f438",
        "type": "github"
      },
      "original": {
        "owner": "dryvist",
        "repo": "ai-llm-prompts",
        "type": "github"
      }
    },
    "browser-use": {
      "flake": false,
      "locked": {
        "lastModified": 1791391145,
        "narHash": "sha256-s8wJ6b3l2Vc9/FqczYWeT+luISz59j44IT4oX0UooIQ=",
        "owner": "browser-use",
        "repo": "browser-use",
        "rev": "c75e8476e26d18b7617643bc2ae082fae8eae431",
        "type": "github"
      },
      "original": {
        "owner": "browser-use",
        "repo": "browser-use",
        "type": "github"
      }
    },
    "claude-code-plugins": {
      "flake": false,
      "locked": {
        "lastModified": 1791221880,
        "narHash": "sha256-J6kgOFCD7B85T70PjjyiJSvWJHQB224DLthOO0tWxr8=",
        "owner": "dryvist",
        "repo": "claude-code-plugins",
        "rev": "105ac194aa302b1255aa4750cc1a1080fe6160e7",
        "type": "github"
      },
      "original": {
        "owner": "dryvist",
        "repo": "claude-code-plugins",
        "type": "github"
      }
    },
    "claude-code-plugins_2": {
      "flake": false,
      "locked": {
        "lastModified": 1791609528,
        "narHash": "sha256-Oq46L0JwykpfkAeRbRjjMJ4Cg0yC0fBqBD0fIEmYRRw=",
        "owner": "dryvist",
        "repo": "claude-code-plugins",
        "rev": "40785ac95b51e108f6fdd4d4248ec750bd813e7a",
        "type": "github"
      },
      "original": {
        "owner": "dryvist",
        "repo": "claude-code-plugins",
        "type": "github"
      }
    },
    "dryvist-github": {
      "inputs": {
        "git-hooks": "git-hooks",
        "nixpkgs": [
          "nixpkgs"
        ],
        "treefmt-nix": "treefmt-nix"
      },
      "locked": {
        "lastModified": 1791612082,
        "narHash": "sha256-vNcWMGx9gvNebHKoIwRLqMDmakuLNSOXjAk5Yo/VIvc=",
        "owner": "dryvist",
        "repo": ".github",
        "rev": "33b482cdc8b360affcdb3a2845f32d705dc2871e",
        "type": "github"
      },
      "original": {
        "owner": "dryvist",
        "repo": ".github",
        "type": "github"
      }
    },
    "flake-compat": {
      "flake": false,
      "locked": {
        "lastModified": 1767039857,
        "narHash": "sha256-vNpUSpF5Nuw8xvDLj2KCwwksIbjua2LZCqhV1LNRDns=",
        "owner": "NixOS",
        "repo": "flake-compat",
        "rev": "5edf11c44bc78a0d334f6334cdaf7d60d732daab",
        "type": "github"
      },
      "original": {
        "owner": "NixOS",
        "repo": "flake-compat",
        "type": "github"
      }
    },
    "flake-parts": {
      "inputs": {
        "nixpkgs-lib": [
          "nixpkgs"
        ]
      },
      "locked": {
        "lastModified": 1790898470,
        "narHash": "sha256-zTwuwezD0w3hpga6a6P8emidzAZFyWqlNeRBlpWOOl8=",
        "owner": "hercules-ci",
        "repo": "flake-parts",
        "rev": "024633cd702b10285db5cb19b40ad48d2399ba60",
        "type": "github"
      },
      "original": {
        "owner": "hercules-ci",
        "repo": "flake-parts",
        "type": "github"
      }
    },
    "git-hooks": {
      "inputs": {
        "flake-compat": "flake-compat",
        "gitignore": "gitignore",
        "nixpkgs": [
          "dryvist-github",
          "nixpkgs"
        ]
      },
      "locked": {
        "lastModified": 1778507602,
        "narHash": "sha256-kTwur1wV+01SdqskVMSo6JMEpg71ps3HpbFY2GsflKs=",
        "owner": "cachix",
        "repo": "git-hooks.nix",
        "rev": "61ab0e80d9c7ab14c256b5b453d8b3fb0189ba0a",
        "type": "github"
      },
      "original": {
        "owner": "cachix",
        "repo": "git-hooks.nix",
        "type": "github"
      }
    },
    "gitignore": {
      "inputs": {
        "nixpkgs": [
          "dryvist-github",
          "git-hooks",
          "nixpkgs"
        ]
      },
      "locked": {
        "lastModified": 1709087332,
        "narHash": "sha256-HG2cCnktfHsKV0s4XW83gU3F57gaTljL9KNSuG6bnQs=",
        "owner": "hercules-ci",
        "repo": "gitignore.nix",
        "rev": "637db329424fd7e46cf4185293b9cc8c88c95394",
        "type": "github"
      },
      "original": {
        "owner": "hercules-ci",
        "repo": "gitignore.nix",
        "type": "github"
      }
    },
    "nixpkgs": {
      "locked": {
        "lastModified": 1791456040,
        "narHash": "sha256-H83yz/do+hjOO0uujHyH8RgtIQP2v7Mw+cLwcZK/xKc=",
        "owner": "NixOS",
        "repo": "nixpkgs",
        "rev": "e7439b6b14ad3cc35d05608ebca9bce01a25f5f8",
        "type": "github"
      },
      "original": {
        "owner": "NixOS",
        "ref": "nixos-unstable",
        "repo": "nixpkgs",
        "type": "github"
      }
    },
    "root": {
      "inputs": {
        "ai-assistant-instructions": "ai-assistant-instructions",
        "ai-llm-prompts": "ai-llm-prompts",
        "browser-use": "browser-use",
        "claude-code-plugins": "claude-code-plugins_2",
        "dryvist-github": "dryvist-github",
        "flake-parts": "flake-parts",
        "nixpkgs": "nixpkgs"
      }
    },
    "treefmt-nix": {
      "inputs": {
        "nixpkgs": [
          "dryvist-github",
          "nixpkgs"
        ]
      },
      "locked": {
        "lastModified": 1780220602,
        "narHash": "sha256-eynAfOmbmxJnkp7YewvCEbShNnnYJ9gLLqkzsYtBPeM=",
        "owner": "numtide",
        "repo": "treefmt-nix",
        "rev": "db947814a175b7ca6ded66e21383d938df01c227",
        "type": "github"
      },
      "original": {
        "owner": "numtide",
        "repo": "treefmt-nix",
        "type": "github"
      }
    }
  },
  "root": "root",
  "version": 7
}
